
Microsoft Visual Studio Solution File, Format Version 12.00
# Visual Studio 15
VisualStudioVersion = 15.0.28307.1169
MinimumVisualStudioVersion = 10.0.40219.1
Project("{FAE04EC0-301F-11D3-BF4B-00C04F79EFBC}") = "Game2", "Game2\Game2.csproj", "{49270357-6149-402F-A3B9-2B994F3D6563}"
EndProject
Global
	GlobalSection(SolutionConfigurationPlatforms) = preSolution
		Debug|x86 = Debug|x86
		Release|x86 = Release|x86
	EndGlobalSection
	GlobalSection(ProjectConfigurationPlatforms) = postSolution
		{49270357-6149-402F-A3B9-2B994F3D6563}.Debug|x86.ActiveCfg = Debug|x86
		{49270357-6149-402F-A3B9-2B994F3D6563}.Debug|x86.Build.0 = Debug|x86
		{49270357-6149-402F-A3B9-2B994F3D6563}.Release|x86.ActiveCfg = Release|x86
		{49270357-6149-402F-A3B9-2B994F3D6563}.Release|x86.Build.0 = Release|x86
	EndGlobalSection
	GlobalSection(SolutionProperties) = preSolution
		HideSolutionNode = FALSE
	EndGlobalSection
	GlobalSection(ExtensibilityGlobals) = postSolution
		SolutionGuid = {7200700F-61F1-4986-A374-B2CDF94A07C2}
	EndGlobalSection
EndGlobal
